
Microsoft Visual Studio Solution File, Format Version 12.00
# Visual Studio Version 16
VisualStudioVersion = 16.0.31005.135
MinimumVisualStudioVersion = 10.0.40219.1
Project("{8BC9CEB8-8B4A-11D0-8D11-00A0C91BC942}") = "BaiyeDbg", "BaiyeDbg\BaiyeDbg.vcxproj", "{608D599B-7AD8-443A-AF58-EB2097AF6FE1}"
EndProject
Project("{8BC9CEB8-8B4A-11D0-8D11-00A0C91BC942}") = "vmware", "vmware\vmware.vcxproj", "{2DDC4DCA-06B8-4001-995D-D9F05EA819A0}"
EndProject
Project("{8BC9CEB8-8B4A-11D0-8D11-00A0C91BC942}") = "drv_mapper", "drv_mapper\drv_mapper.vcxproj", "{C8B9D583-D3B5-4552-9FB9-F4B9CD27F39F}"
EndProject
Project("{8BC9CEB8-8B4A-11D0-8D11-00A0C91BC942}") = "drvmapper_r3_lib", "drvmapper_r3_lib\drvmapper_r3_lib.vcxproj", "{20211B94-90A8-49D1-A874-98AFC69825EE}"
EndProject
Project("{8BC9CEB8-8B4A-11D0-8D11-00A0C91BC942}") = "Client", "Client\Client.vcxproj", "{A26BF959-05EF-4660-88A5-7C22BFEEC17B}"
EndProject
Project("{8BC9CEB8-8B4A-11D0-8D11-00A0C91BC942}") = "MiniDebugger", "MiniDebugger\MiniDebugger.vcxproj", "{CE00BFE7-8E73-4D71-8B82-613DD0AE1541}"
EndProject
Project("{8BC9CEB8-8B4A-11D0-8D11-00A0C91BC942}") = "x64dbg_plugin", "x64dbg_plugin\x64dbg_plugin.vcxproj", "{3787F1B2-9A32-4446-ABAF-A0451EE4AA8A}"
EndProject
Global
	GlobalSection(SolutionConfigurationPlatforms) = preSolution
		Debug_Lib|ARM = Debug_Lib|ARM
		Debug_Lib|ARM64 = Debug_Lib|ARM64
		Debug_Lib|x64 = Debug_Lib|x64
		Debug_Lib|x86 = Debug_Lib|x86
		Debug|ARM = Debug|ARM
		Debug|ARM64 = Debug|ARM64
		Debug|x64 = Debug|x64
		Debug|x86 = Debug|x86
		Release without sig|ARM = Release without sig|ARM
		Release without sig|ARM64 = Release without sig|ARM64
		Release without sig|x64 = Release without sig|x64
		Release without sig|x86 = Release without sig|x86
		Release|ARM = Release|ARM
		Release|ARM64 = Release|ARM64
		Release|x64 = Release|x64
		Release|x86 = Release|x86
	EndGlobalSection
	GlobalSection(ProjectConfigurationPlatforms) = postSolution
		{608D599B-7AD8-443A-AF58-EB2097AF6FE1}.Debug_Lib|ARM.ActiveCfg = Debug_Lib|ARM
		{608D599B-7AD8-443A-AF58-EB2097AF6FE1}.Debug_Lib|ARM.Build.0 = Debug_Lib|ARM
		{608D599B-7AD8-443A-AF58-EB2097AF6FE1}.Debug_Lib|ARM64.ActiveCfg = Debug_Lib|ARM64
		{608D599B-7AD8-443A-AF58-EB2097AF6FE1}.Debug_Lib|ARM64.Build.0 = Debug_Lib|ARM64
		{608D599B-7AD8-443A-AF58-EB2097AF6FE1}.Debug_Lib|x64.ActiveCfg = Debug_Lib|x64
		{608D599B-7AD8-443A-AF58-EB2097AF6FE1}.Debug_Lib|x64.Build.0 = Debug_Lib|x64
		{608D599B-7AD8-443A-AF58-EB2097AF6FE1}.Debug_Lib|x86.ActiveCfg = Debug_Lib|Win32
		{608D599B-7AD8-443A-AF58-EB2097AF6FE1}.Debug_Lib|x86.Build.0 = Debug_Lib|Win32
		{608D599B-7AD8-443A-AF58-EB2097AF6FE1}.Debug|ARM.ActiveCfg = Debug|ARM
		{608D599B-7AD8-443A-AF58-EB2097AF6FE1}.Debug|ARM.Build.0 = Debug|ARM
		{608D599B-7AD8-443A-AF58-EB2097AF6FE1}.Debug|ARM.Deploy.0 = Debug|ARM
		{608D599B-7AD8-443A-AF58-EB2097AF6FE1}.Debug|ARM64.ActiveCfg = Debug|ARM64
		{608D599B-7AD8-443A-AF58-EB2097AF6FE1}.Debug|ARM64.Build.0 = Debug|ARM64
		{608D599B-7AD8-443A-AF58-EB2097AF6FE1}.Debug|ARM64.Deploy.0 = Debug|ARM64
		{608D599B-7AD8-443A-AF58-EB2097AF6FE1}.Debug|x64.ActiveCfg = Debug|x64
		{608D599B-7AD8-443A-AF58-EB2097AF6FE1}.Debug|x64.Build.0 = Debug|x64
		{608D599B-7AD8-443A-AF58-EB2097AF6FE1}.Debug|x64.Deploy.0 = Debug|x64
		{608D599B-7AD8-443A-AF58-EB2097AF6FE1}.Debug|x86.ActiveCfg = Debug|Win32
		{608D599B-7AD8-443A-AF58-EB2097AF6FE1}.Debug|x86.Build.0 = Debug|Win32
		{608D599B-7AD8-443A-AF58-EB2097AF6FE1}.Debug|x86.Deploy.0 = Debug|Win32
		{608D599B-7AD8-443A-AF58-EB2097AF6FE1}.Release without sig|ARM.ActiveCfg = Release|ARM
		{608D599B-7AD8-443A-AF58-EB2097AF6FE1}.Release without sig|ARM.Build.0 = Release|ARM
		{608D599B-7AD8-443A-AF58-EB2097AF6FE1}.Release without sig|ARM.Deploy.0 = Release|ARM
		{608D599B-7AD8-443A-AF58-EB2097AF6FE1}.Release without sig|ARM64.ActiveCfg = Release|ARM64
		{608D599B-7AD8-443A-AF58-EB2097AF6FE1}.Release without sig|ARM64.Build.0 = Release|ARM64
		{608D599B-7AD8-443A-AF58-EB2097AF6FE1}.Release without sig|ARM64.Deploy.0 = Release|ARM64
		{608D599B-7AD8-443A-AF58-EB2097AF6FE1}.Release without sig|x64.ActiveCfg = Release|x64
		{608D599B-7AD8-443A-AF58-EB2097AF6FE1}.Release without sig|x64.Build.0 = Release|x64
		{608D599B-7AD8-443A-AF58-EB2097AF6FE1}.Release without sig|x64.Deploy.0 = Release|x64
		{608D599B-7AD8-443A-AF58-EB2097AF6FE1}.Release without sig|x86.ActiveCfg = Release|Win32
		{608D599B-7AD8-443A-AF58-EB2097AF6FE1}.Release without sig|x86.Build.0 = Release|Win32
		{608D599B-7AD8-443A-AF58-EB2097AF6FE1}.Release without sig|x86.Deploy.0 = Release|Win32
		{608D599B-7AD8-443A-AF58-EB2097AF6FE1}.Release|ARM.ActiveCfg = Release|ARM
		{608D599B-7AD8-443A-AF58-EB2097AF6FE1}.Release|ARM.Build.0 = Release|ARM
		{608D599B-7AD8-443A-AF58-EB2097AF6FE1}.Release|ARM.Deploy.0 = Release|ARM
		{608D599B-7AD8-443A-AF58-EB2097AF6FE1}.Release|ARM64.ActiveCfg = Release|ARM64
		{608D599B-7AD8-443A-AF58-EB2097AF6FE1}.Release|ARM64.Build.0 = Release|ARM64
		{608D599B-7AD8-443A-AF58-EB2097AF6FE1}.Release|ARM64.Deploy.0 = Release|ARM64
		{608D599B-7AD8-443A-AF58-EB2097AF6FE1}.Release|x64.ActiveCfg = Release|x64
		{608D599B-7AD8-443A-AF58-EB2097AF6FE1}.Release|x64.Build.0 = Release|x64
		{608D599B-7AD8-443A-AF58-EB2097AF6FE1}.Release|x64.Deploy.0 = Release|x64
		{608D599B-7AD8-443A-AF58-EB2097AF6FE1}.Release|x86.ActiveCfg = Release|Win32
		{608D599B-7AD8-443A-AF58-EB2097AF6FE1}.Release|x86.Build.0 = Release|Win32
		{608D599B-7AD8-443A-AF58-EB2097AF6FE1}.Release|x86.Deploy.0 = Release|Win32
		{2DDC4DCA-06B8-4001-995D-D9F05EA819A0}.Debug_Lib|ARM.ActiveCfg = Debug_Lib|ARM
		{2DDC4DCA-06B8-4001-995D-D9F05EA819A0}.Debug_Lib|ARM.Build.0 = Debug_Lib|ARM
		{2DDC4DCA-06B8-4001-995D-D9F05EA819A0}.Debug_Lib|ARM64.ActiveCfg = Debug_Lib|ARM64
		{2DDC4DCA-06B8-4001-995D-D9F05EA819A0}.Debug_Lib|ARM64.Build.0 = Debug_Lib|ARM64
		{2DDC4DCA-06B8-4001-995D-D9F05EA819A0}.Debug_Lib|x64.ActiveCfg = Debug_Lib|x64
		{2DDC4DCA-06B8-4001-995D-D9F05EA819A0}.Debug_Lib|x64.Build.0 = Debug_Lib|x64
		{2DDC4DCA-06B8-4001-995D-D9F05EA819A0}.Debug_Lib|x86.ActiveCfg = Debug_Lib|Win32
		{2DDC4DCA-06B8-4001-995D-D9F05EA819A0}.Debug_Lib|x86.Build.0 = Debug_Lib|Win32
		{2DDC4DCA-06B8-4001-995D-D9F05EA819A0}.Debug|ARM.ActiveCfg = Debug|ARM
		{2DDC4DCA-06B8-4001-995D-D9F05EA819A0}.Debug|ARM.Build.0 = Debug|ARM
		{2DDC4DCA-06B8-4001-995D-D9F05EA819A0}.Debug|ARM.Deploy.0 = Debug|ARM
		{2DDC4DCA-06B8-4001-995D-D9F05EA819A0}.Debug|ARM64.ActiveCfg = Debug|ARM64
		{2DDC4DCA-06B8-4001-995D-D9F05EA819A0}.Debug|ARM64.Build.0 = Debug|ARM64
		{2DDC4DCA-06B8-4001-995D-D9F05EA819A0}.Debug|ARM64.Deploy.0 = Debug|ARM64
		{2DDC4DCA-06B8-4001-995D-D9F05EA819A0}.Debug|x64.ActiveCfg = Debug|x64
		{2DDC4DCA-06B8-4001-995D-D9F05EA819A0}.Debug|x64.Build.0 = Debug|x64
		{2DDC4DCA-06B8-4001-995D-D9F05EA819A0}.Debug|x64.Deploy.0 = Debug|x64
		{2DDC4DCA-06B8-4001-995D-D9F05EA819A0}.Debug|x86.ActiveCfg = Debug|Win32
		{2DDC4DCA-06B8-4001-995D-D9F05EA819A0}.Debug|x86.Build.0 = Debug|Win32
		{2DDC4DCA-06B8-4001-995D-D9F05EA819A0}.Debug|x86.Deploy.0 = Debug|Win32
		{2DDC4DCA-06B8-4001-995D-D9F05EA819A0}.Release without sig|ARM.ActiveCfg = Release|ARM
		{2DDC4DCA-06B8-4001-995D-D9F05EA819A0}.Release without sig|ARM.Build.0 = Release|ARM
		{2DDC4DCA-06B8-4001-995D-D9F05EA819A0}.Release without sig|ARM.Deploy.0 = Release|ARM
		{2DDC4DCA-06B8-4001-995D-D9F05EA819A0}.Release without sig|ARM64.ActiveCfg = Release|ARM64
		{2DDC4DCA-06B8-4001-995D-D9F05EA819A0}.Release without sig|ARM64.Build.0 = Release|ARM64
		{2DDC4DCA-06B8-4001-995D-D9F05EA819A0}.Release without sig|ARM64.Deploy.0 = Release|ARM64
		{2DDC4DCA-06B8-4001-995D-D9F05EA819A0}.Release without sig|x64.ActiveCfg = Release|x64
		{2DDC4DCA-06B8-4001-995D-D9F05EA819A0}.Release without sig|x64.Build.0 = Release|x64
		{2DDC4DCA-06B8-4001-995D-D9F05EA819A0}.Release without sig|x64.Deploy.0 = Release|x64
		{2DDC4DCA-06B8-4001-995D-D9F05EA819A0}.Release without sig|x86.ActiveCfg = Release|Win32
		{2DDC4DCA-06B8-4001-995D-D9F05EA819A0}.Release without sig|x86.Build.0 = Release|Win32
		{2DDC4DCA-06B8-4001-995D-D9F05EA819A0}.Release without sig|x86.Deploy.0 = Release|Win32
		{2DDC4DCA-06B8-4001-995D-D9F05EA819A0}.Release|ARM.ActiveCfg = Release|ARM
		{2DDC4DCA-06B8-4001-995D-D9F05EA819A0}.Release|ARM.Build.0 = Release|ARM
		{2DDC4DCA-06B8-4001-995D-D9F05EA819A0}.Release|ARM.Deploy.0 = Release|ARM
		{2DDC4DCA-06B8-4001-995D-D9F05EA819A0}.Release|ARM64.ActiveCfg = Release|ARM64
		{2DDC4DCA-06B8-4001-995D-D9F05EA819A0}.Release|ARM64.Build.0 = Release|ARM64
		{2DDC4DCA-06B8-4001-995D-D9F05EA819A0}.Release|ARM64.Deploy.0 = Release|ARM64
		{2DDC4DCA-06B8-4001-995D-D9F05EA819A0}.Release|x64.ActiveCfg = Release|x64
		{2DDC4DCA-06B8-4001-995D-D9F05EA819A0}.Release|x64.Build.0 = Release|x64
		{2DDC4DCA-06B8-4001-995D-D9F05EA819A0}.Release|x64.Deploy.0 = Release|x64
		{2DDC4DCA-06B8-4001-995D-D9F05EA819A0}.Release|x86.ActiveCfg = Release|Win32
		{2DDC4DCA-06B8-4001-995D-D9F05EA819A0}.Release|x86.Build.0 = Release|Win32
		{2DDC4DCA-06B8-4001-995D-D9F05EA819A0}.Release|x86.Deploy.0 = Release|Win32
		{C8B9D583-D3B5-4552-9FB9-F4B9CD27F39F}.Debug_Lib|ARM.ActiveCfg = Debug|ARM
		{C8B9D583-D3B5-4552-9FB9-F4B9CD27F39F}.Debug_Lib|ARM.Build.0 = Debug|ARM
		{C8B9D583-D3B5-4552-9FB9-F4B9CD27F39F}.Debug_Lib|ARM.Deploy.0 = Debug|ARM
		{C8B9D583-D3B5-4552-9FB9-F4B9CD27F39F}.Debug_Lib|ARM64.ActiveCfg = Debug|ARM64
		{C8B9D583-D3B5-4552-9FB9-F4B9CD27F39F}.Debug_Lib|ARM64.Build.0 = Debug|ARM64
		{C8B9D583-D3B5-4552-9FB9-F4B9CD27F39F}.Debug_Lib|ARM64.Deploy.0 = Debug|ARM64
		{C8B9D583-D3B5-4552-9FB9-F4B9CD27F39F}.Debug_Lib|x64.ActiveCfg = Debug|x64
		{C8B9D583-D3B5-4552-9FB9-F4B9CD27F39F}.Debug_Lib|x64.Build.0 = Debug|x64
		{C8B9D583-D3B5-4552-9FB9-F4B9CD27F39F}.Debug_Lib|x64.Deploy.0 = Debug|x64
		{C8B9D583-D3B5-4552-9FB9-F4B9CD27F39F}.Debug_Lib|x86.ActiveCfg = Debug|Win32
		{C8B9D583-D3B5-4552-9FB9-F4B9CD27F39F}.Debug_Lib|x86.Build.0 = Debug|Win32
		{C8B9D583-D3B5-4552-9FB9-F4B9CD27F39F}.Debug_Lib|x86.Deploy.0 = Debug|Win32
		{C8B9D583-D3B5-4552-9FB9-F4B9CD27F39F}.Debug|ARM.ActiveCfg = Debug|ARM
		{C8B9D583-D3B5-4552-9FB9-F4B9CD27F39F}.Debug|ARM.Build.0 = Debug|ARM
		{C8B9D583-D3B5-4552-9FB9-F4B9CD27F39F}.Debug|ARM.Deploy.0 = Debug|ARM
		{C8B9D583-D3B5-4552-9FB9-F4B9CD27F39F}.Debug|ARM64.ActiveCfg = Debug|ARM64
		{C8B9D583-D3B5-4552-9FB9-F4B9CD27F39F}.Debug|ARM64.Build.0 = Debug|ARM64
		{C8B9D583-D3B5-4552-9FB9-F4B9CD27F39F}.Debug|ARM64.Deploy.0 = Debug|ARM64
		{C8B9D583-D3B5-4552-9FB9-F4B9CD27F39F}.Debug|x64.ActiveCfg = Debug|x64
		{C8B9D583-D3B5-4552-9FB9-F4B9CD27F39F}.Debug|x64.Build.0 = Debug|x64
		{C8B9D583-D3B5-4552-9FB9-F4B9CD27F39F}.Debug|x64.Deploy.0 = Debug|x64
		{C8B9D583-D3B5-4552-9FB9-F4B9CD27F39F}.Debug|x86.ActiveCfg = Debug|Win32
		{C8B9D583-D3B5-4552-9FB9-F4B9CD27F39F}.Debug|x86.Build.0 = Debug|Win32
		{C8B9D583-D3B5-4552-9FB9-F4B9CD27F39F}.Debug|x86.Deploy.0 = Debug|Win32
		{C8B9D583-D3B5-4552-9FB9-F4B9CD27F39F}.Release without sig|ARM.ActiveCfg = Release|ARM
		{C8B9D583-D3B5-4552-9FB9-F4B9CD27F39F}.Release without sig|ARM.Build.0 = Release|ARM
		{C8B9D583-D3B5-4552-9FB9-F4B9CD27F39F}.Release without sig|ARM.Deploy.0 = Release|ARM
		{C8B9D583-D3B5-4552-9FB9-F4B9CD27F39F}.Release without sig|ARM64.ActiveCfg = Release|ARM64
		{C8B9D583-D3B5-4552-9FB9-F4B9CD27F39F}.Release without sig|ARM64.Build.0 = Release|ARM64
		{C8B9D583-D3B5-4552-9FB9-F4B9CD27F39F}.Release without sig|ARM64.Deploy.0 = Release|ARM64
		{C8B9D583-D3B5-4552-9FB9-F4B9CD27F39F}.Release without sig|x64.ActiveCfg = Release|x64
		{C8B9D583-D3B5-4552-9FB9-F4B9CD27F39F}.Release without sig|x64.Build.0 = Release|x64
		{C8B9D583-D3B5-4552-9FB9-F4B9CD27F39F}.Release without sig|x64.Deploy.0 = Release|x64
		{C8B9D583-D3B5-4552-9FB9-F4B9CD27F39F}.Release without sig|x86.ActiveCfg = Release|Win32
		{C8B9D583-D3B5-4552-9FB9-F4B9CD27F39F}.Release without sig|x86.Build.0 = Release|Win32
		{C8B9D583-D3B5-4552-9FB9-F4B9CD27F39F}.Release without sig|x86.Deploy.0 = Release|Win32
		{C8B9D583-D3B5-4552-9FB9-F4B9CD27F39F}.Release|ARM.ActiveCfg = Release|ARM
		{C8B9D583-D3B5-4552-9FB9-F4B9CD27F39F}.Release|ARM.Build.0 = Release|ARM
		{C8B9D583-D3B5-4552-9FB9-F4B9CD27F39F}.Release|ARM.Deploy.0 = Release|ARM
		{C8B9D583-D3B5-4552-9FB9-F4B9CD27F39F}.Release|ARM64.ActiveCfg = Release|ARM64
		{C8B9D583-D3B5-4552-9FB9-F4B9CD27F39F}.Release|ARM64.Build.0 = Release|ARM64
		{C8B9D583-D3B5-4552-9FB9-F4B9CD27F39F}.Release|ARM64.Deploy.0 = Release|ARM64
		{C8B9D583-D3B5-4552-9FB9-F4B9CD27F39F}.Release|x64.ActiveCfg = Release|x64
		{C8B9D583-D3B5-4552-9FB9-F4B9CD27F39F}.Release|x64.Build.0 = Release|x64
		{C8B9D583-D3B5-4552-9FB9-F4B9CD27F39F}.Release|x64.Deploy.0 = Release|x64
		{C8B9D583-D3B5-4552-9FB9-F4B9CD27F39F}.Release|x86.ActiveCfg = Release|Win32
		{C8B9D583-D3B5-4552-9FB9-F4B9CD27F39F}.Release|x86.Build.0 = Release|Win32
		{C8B9D583-D3B5-4552-9FB9-F4B9CD27F39F}.Release|x86.Deploy.0 = Release|Win32
		{20211B94-90A8-49D1-A874-98AFC69825EE}.Debug_Lib|ARM.ActiveCfg = Debug|Win32
		{20211B94-90A8-49D1-A874-98AFC69825EE}.Debug_Lib|ARM.Build.0 = Debug|Win32
		{20211B94-90A8-49D1-A874-98AFC69825EE}.Debug_Lib|ARM64.ActiveCfg = Debug|Win32
		{20211B94-90A8-49D1-A874-98AFC69825EE}.Debug_Lib|ARM64.Build.0 = Debug|Win32
		{20211B94-90A8-49D1-A874-98AFC69825EE}.Debug_Lib|x64.ActiveCfg = Debug|x64
		{20211B94-90A8-49D1-A874-98AFC69825EE}.Debug_Lib|x64.Build.0 = Debug|x64
		{20211B94-90A8-49D1-A874-98AFC69825EE}.Debug_Lib|x86.ActiveCfg = Debug|Win32
		{20211B94-90A8-49D1-A874-98AFC69825EE}.Debug_Lib|x86.Build.0 = Debug|Win32
		{20211B94-90A8-49D1-A874-98AFC69825EE}.Debug|ARM.ActiveCfg = Debug|Win32
		{20211B94-90A8-49D1-A874-98AFC69825EE}.Debug|ARM64.ActiveCfg = Debug|Win32
		{20211B94-90A8-49D1-A874-98AFC69825EE}.Debug|x64.ActiveCfg = Debug|x64
		{20211B94-90A8-49D1-A874-98AFC69825EE}.Debug|x64.Build.0 = Debug|x64
		{20211B94-90A8-49D1-A874-98AFC69825EE}.Debug|x86.ActiveCfg = Debug|Win32
		{20211B94-90A8-49D1-A874-98AFC69825EE}.Debug|x86.Build.0 = Debug|Win32
		{20211B94-90A8-49D1-A874-98AFC69825EE}.Release without sig|ARM.ActiveCfg = Debug|Win32
		{20211B94-90A8-49D1-A874-98AFC69825EE}.Release without sig|ARM.Build.0 = Debug|Win32
		{20211B94-90A8-49D1-A874-98AFC69825EE}.Release without sig|ARM64.ActiveCfg = Debug|Win32
		{20211B94-90A8-49D1-A874-98AFC69825EE}.Release without sig|ARM64.Build.0 = Debug|Win32
		{20211B94-90A8-49D1-A874-98AFC69825EE}.Release without sig|x64.ActiveCfg = Release|x64
		{20211B94-90A8-49D1-A874-98AFC69825EE}.Release without sig|x64.Build.0 = Release|x64
		{20211B94-90A8-49D1-A874-98AFC69825EE}.Release without sig|x86.ActiveCfg = Release|Win32
		{20211B94-90A8-49D1-A874-98AFC69825EE}.Release without sig|x86.Build.0 = Release|Win32
		{20211B94-90A8-49D1-A874-98AFC69825EE}.Release|ARM.ActiveCfg = Release|Win32
		{20211B94-90A8-49D1-A874-98AFC69825EE}.Release|ARM64.ActiveCfg = Release|Win32
		{20211B94-90A8-49D1-A874-98AFC69825EE}.Release|x64.ActiveCfg = Release|x64
		{20211B94-90A8-49D1-A874-98AFC69825EE}.Release|x64.Build.0 = Release|x64
		{20211B94-90A8-49D1-A874-98AFC69825EE}.Release|x86.ActiveCfg = Release|Win32
		{20211B94-90A8-49D1-A874-98AFC69825EE}.Release|x86.Build.0 = Release|Win32
		{A26BF959-05EF-4660-88A5-7C22BFEEC17B}.Debug_Lib|ARM.ActiveCfg = Debug|Win32
		{A26BF959-05EF-4660-88A5-7C22BFEEC17B}.Debug_Lib|ARM.Build.0 = Debug|Win32
		{A26BF959-05EF-4660-88A5-7C22BFEEC17B}.Debug_Lib|ARM64.ActiveCfg = Debug|Win32
		{A26BF959-05EF-4660-88A5-7C22BFEEC17B}.Debug_Lib|ARM64.Build.0 = Debug|Win32
		{A26BF959-05EF-4660-88A5-7C22BFEEC17B}.Debug_Lib|x64.ActiveCfg = Debug|x64
		{A26BF959-05EF-4660-88A5-7C22BFEEC17B}.Debug_Lib|x64.Build.0 = Debug|x64
		{A26BF959-05EF-4660-88A5-7C22BFEEC17B}.Debug_Lib|x86.ActiveCfg = Debug|Win32
		{A26BF959-05EF-4660-88A5-7C22BFEEC17B}.Debug_Lib|x86.Build.0 = Debug|Win32
		{A26BF959-05EF-4660-88A5-7C22BFEEC17B}.Debug|ARM.ActiveCfg = Debug|Win32
		{A26BF959-05EF-4660-88A5-7C22BFEEC17B}.Debug|ARM64.ActiveCfg = Debug|Win32
		{A26BF959-05EF-4660-88A5-7C22BFEEC17B}.Debug|x64.ActiveCfg = Debug|x64
		{A26BF959-05EF-4660-88A5-7C22BFEEC17B}.Debug|x64.Build.0 = Debug|x64
		{A26BF959-05EF-4660-88A5-7C22BFEEC17B}.Debug|x86.ActiveCfg = Debug|Win32
		{A26BF959-05EF-4660-88A5-7C22BFEEC17B}.Debug|x86.Build.0 = Debug|Win32
		{A26BF959-05EF-4660-88A5-7C22BFEEC17B}.Release without sig|ARM.ActiveCfg = Debug|Win32
		{A26BF959-05EF-4660-88A5-7C22BFEEC17B}.Release without sig|ARM.Build.0 = Debug|Win32
		{A26BF959-05EF-4660-88A5-7C22BFEEC17B}.Release without sig|ARM64.ActiveCfg = Debug|Win32
		{A26BF959-05EF-4660-88A5-7C22BFEEC17B}.Release without sig|ARM64.Build.0 = Debug|Win32
		{A26BF959-05EF-4660-88A5-7C22BFEEC17B}.Release without sig|x64.ActiveCfg = Release|x64
		{A26BF959-05EF-4660-88A5-7C22BFEEC17B}.Release without sig|x64.Build.0 = Release|x64
		{A26BF959-05EF-4660-88A5-7C22BFEEC17B}.Release without sig|x86.ActiveCfg = Release|Win32
		{A26BF959-05EF-4660-88A5-7C22BFEEC17B}.Release without sig|x86.Build.0 = Release|Win32
		{A26BF959-05EF-4660-88A5-7C22BFEEC17B}.Release|ARM.ActiveCfg = Release|Win32
		{A26BF959-05EF-4660-88A5-7C22BFEEC17B}.Release|ARM64.ActiveCfg = Release|Win32
		{A26BF959-05EF-4660-88A5-7C22BFEEC17B}.Release|x64.ActiveCfg = Release|x64
		{A26BF959-05EF-4660-88A5-7C22BFEEC17B}.Release|x64.Build.0 = Release|x64
		{A26BF959-05EF-4660-88A5-7C22BFEEC17B}.Release|x86.ActiveCfg = Release|Win32
		{A26BF959-05EF-4660-88A5-7C22BFEEC17B}.Release|x86.Build.0 = Release|Win32
		{CE00BFE7-8E73-4D71-8B82-613DD0AE1541}.Debug_Lib|ARM.ActiveCfg = Debug|Win32
		{CE00BFE7-8E73-4D71-8B82-613DD0AE1541}.Debug_Lib|ARM.Build.0 = Debug|Win32
		{CE00BFE7-8E73-4D71-8B82-613DD0AE1541}.Debug_Lib|ARM64.ActiveCfg = Debug|Win32
		{CE00BFE7-8E73-4D71-8B82-613DD0AE1541}.Debug_Lib|ARM64.Build.0 = Debug|Win32
		{CE00BFE7-8E73-4D71-8B82-613DD0AE1541}.Debug_Lib|x64.ActiveCfg = Debug|x64
		{CE00BFE7-8E73-4D71-8B82-613DD0AE1541}.Debug_Lib|x64.Build.0 = Debug|x64
		{CE00BFE7-8E73-4D71-8B82-613DD0AE1541}.Debug_Lib|x86.ActiveCfg = Debug|Win32
		{CE00BFE7-8E73-4D71-8B82-613DD0AE1541}.Debug_Lib|x86.Build.0 = Debug|Win32
		{CE00BFE7-8E73-4D71-8B82-613DD0AE1541}.Debug|ARM.ActiveCfg = Debug|Win32
		{CE00BFE7-8E73-4D71-8B82-613DD0AE1541}.Debug|ARM64.ActiveCfg = Debug|Win32
		{CE00BFE7-8E73-4D71-8B82-613DD0AE1541}.Debug|x64.ActiveCfg = Debug|x64
		{CE00BFE7-8E73-4D71-8B82-613DD0AE1541}.Debug|x64.Build.0 = Debug|x64
		{CE00BFE7-8E73-4D71-8B82-613DD0AE1541}.Debug|x86.ActiveCfg = Debug|Win32
		{CE00BFE7-8E73-4D71-8B82-613DD0AE1541}.Debug|x86.Build.0 = Debug|Win32
		{CE00BFE7-8E73-4D71-8B82-613DD0AE1541}.Release without sig|ARM.ActiveCfg = Debug|Win32
		{CE00BFE7-8E73-4D71-8B82-613DD0AE1541}.Release without sig|ARM.Build.0 = Debug|Win32
		{CE00BFE7-8E73-4D71-8B82-613DD0AE1541}.Release without sig|ARM64.ActiveCfg = Debug|Win32
		{CE00BFE7-8E73-4D71-8B82-613DD0AE1541}.Release without sig|ARM64.Build.0 = Debug|Win32
		{CE00BFE7-8E73-4D71-8B82-613DD0AE1541}.Release without sig|x64.ActiveCfg = Release|x64
		{CE00BFE7-8E73-4D71-8B82-613DD0AE1541}.Release without sig|x64.Build.0 = Release|x64
		{CE00BFE7-8E73-4D71-8B82-613DD0AE1541}.Release without sig|x86.ActiveCfg = Release|Win32
		{CE00BFE7-8E73-4D71-8B82-613DD0AE1541}.Release without sig|x86.Build.0 = Release|Win32
		{CE00BFE7-8E73-4D71-8B82-613DD0AE1541}.Release|ARM.ActiveCfg = Release|Win32
		{CE00BFE7-8E73-4D71-8B82-613DD0AE1541}.Release|ARM64.ActiveCfg = Release|Win32
		{CE00BFE7-8E73-4D71-8B82-613DD0AE1541}.Release|x64.ActiveCfg = Release|x64
		{CE00BFE7-8E73-4D71-8B82-613DD0AE1541}.Release|x64.Build.0 = Release|x64
		{CE00BFE7-8E73-4D71-8B82-613DD0AE1541}.Release|x86.ActiveCfg = Release|Win32
		{CE00BFE7-8E73-4D71-8B82-613DD0AE1541}.Release|x86.Build.0 = Release|Win32
		{3787F1B2-9A32-4446-ABAF-A0451EE4AA8A}.Debug_Lib|ARM.ActiveCfg = Debug|Win32
		{3787F1B2-9A32-4446-ABAF-A0451EE4AA8A}.Debug_Lib|ARM.Build.0 = Debug|Win32
		{3787F1B2-9A32-4446-ABAF-A0451EE4AA8A}.Debug_Lib|ARM64.ActiveCfg = Debug|Win32
		{3787F1B2-9A32-4446-ABAF-A0451EE4AA8A}.Debug_Lib|ARM64.Build.0 = Debug|Win32
		{3787F1B2-9A32-4446-ABAF-A0451EE4AA8A}.Debug_Lib|x64.ActiveCfg = Debug|x64
		{3787F1B2-9A32-4446-ABAF-A0451EE4AA8A}.Debug_Lib|x64.Build.0 = Debug|x64
		{3787F1B2-9A32-4446-ABAF-A0451EE4AA8A}.Debug_Lib|x86.ActiveCfg = Debug|Win32
		{3787F1B2-9A32-4446-ABAF-A0451EE4AA8A}.Debug_Lib|x86.Build.0 = Debug|Win32
		{3787F1B2-9A32-4446-ABAF-A0451EE4AA8A}.Debug|ARM.ActiveCfg = Debug|Win32
		{3787F1B2-9A32-4446-ABAF-A0451EE4AA8A}.Debug|ARM64.ActiveCfg = Debug|Win32
		{3787F1B2-9A32-4446-ABAF-A0451EE4AA8A}.Debug|x64.ActiveCfg = Debug|x64
		{3787F1B2-9A32-4446-ABAF-A0451EE4AA8A}.Debug|x64.Build.0 = Debug|x64
		{3787F1B2-9A32-4446-ABAF-A0451EE4AA8A}.Debug|x86.ActiveCfg = Debug|Win32
		{3787F1B2-9A32-4446-ABAF-A0451EE4AA8A}.Debug|x86.Build.0 = Debug|Win32
		{3787F1B2-9A32-4446-ABAF-A0451EE4AA8A}.Release without sig|ARM.ActiveCfg = Debug|Win32
		{3787F1B2-9A32-4446-ABAF-A0451EE4AA8A}.Release without sig|ARM.Build.0 = Debug|Win32
		{3787F1B2-9A32-4446-ABAF-A0451EE4AA8A}.Release without sig|ARM64.ActiveCfg = Debug|Win32
		{3787F1B2-9A32-4446-ABAF-A0451EE4AA8A}.Release without sig|ARM64.Build.0 = Debug|Win32
		{3787F1B2-9A32-4446-ABAF-A0451EE4AA8A}.Release without sig|x64.ActiveCfg = Release|x64
		{3787F1B2-9A32-4446-ABAF-A0451EE4AA8A}.Release without sig|x64.Build.0 = Release|x64
		{3787F1B2-9A32-4446-ABAF-A0451EE4AA8A}.Release without sig|x86.ActiveCfg = Release|Win32
		{3787F1B2-9A32-4446-ABAF-A0451EE4AA8A}.Release without sig|x86.Build.0 = Release|Win32
		{3787F1B2-9A32-4446-ABAF-A0451EE4AA8A}.Release|ARM.ActiveCfg = Release|Win32
		{3787F1B2-9A32-4446-ABAF-A0451EE4AA8A}.Release|ARM64.ActiveCfg = Release|Win32
		{3787F1B2-9A32-4446-ABAF-A0451EE4AA8A}.Release|x64.ActiveCfg = Release|x64
		{3787F1B2-9A32-4446-ABAF-A0451EE4AA8A}.Release|x64.Build.0 = Release|x64
		{3787F1B2-9A32-4446-ABAF-A0451EE4AA8A}.Release|x86.ActiveCfg = Release|Win32
		{3787F1B2-9A32-4446-ABAF-A0451EE4AA8A}.Release|x86.Build.0 = Release|Win32
	EndGlobalSection
	GlobalSection(SolutionProperties) = preSolution
		HideSolutionNode = FALSE
	EndGlobalSection
	GlobalSection(ExtensibilityGlobals) = postSolution
		SolutionGuid = {BA6679AA-07D2-443D-952F-5984F10CFFE7}
	EndGlobalSection
EndGlobal
